# THIS IS AN AUTOGENERATED FILE. DO NOT EDIT THIS FILE DIRECTLY.
# yarn lockfile v1


lodash.throttle@^4.0.0:
  version "4.1.1"
  resolved "https://registry.yarnpkg.com/lodash.throttle/-/lodash.throttle-4.1.1.tgz#c23e91b710242ac70c37f1e1cda9274cc39bf2f4"

material-colors@^1.0.0:
  version "1.2.6"
  resolved "https://registry.yarnpkg.com/material-colors/-/material-colors-1.2.6.tgz#6d1958871126992ceecc72f4bcc4d8f010865f46"

sortablejs@^1.7.0:
  version "1.7.0"
  resolved "https://registry.yarnpkg.com/sortablejs/-/sortablejs-1.7.0.tgz#80a2b2370abd568e1cec8c271131ef30a904fa28"

tinycolor2@^1.1.2:
  version "1.4.1"
  resolved "https://registry.yarnpkg.com/tinycolor2/-/tinycolor2-1.4.1.tgz#f4fad333447bc0b07d4dc8e9209d8f39a8ac77e8"

vue-color@^2.0.5:
  version "2.4.6"
  resolved "https://registry.yarnpkg.com/vue-color/-/vue-color-2.4.6.tgz#9dcd5850f7eec5ee3ac0b20bec7bbffb5f475f64"
  dependencies:
    lodash.throttle "^4.0.0"
    material-colors "^1.0.0"
    tinycolor2 "^1.1.2"

vue@^2.1.10:
  version "2.5.16"
  resolved "https://registry.yarnpkg.com/vue/-/vue-2.5.16.tgz#07edb75e8412aaeed871ebafa99f4672584a0085"

vuedraggable@^2.8.3-rc0:
  version "2.16.0"
  resolved "https://registry.yarnpkg.com/vuedraggable/-/vuedraggable-2.16.0.tgz#52127081a2adb3de5fabd214d404ff3eee63575a"
  dependencies:
    sortablejs "^1.7.0"
